// !$*UTF8*$!
{
	archiveVersion = 1;
	classes = {
	};
	objectVersion = 50;
	objects = {

/* Begin PBXBuildFile section */
		78095846244C4AD0002A1277 /* DetailViewController.swift in Sources */ = {isa = PBXBuildFile; fileRef = 78095845244C4AD0002A1277 /* DetailViewController.swift */; };
		7809584A244C69D5002A1277 /* BarButtonItem+Image&TextButton.swift in Sources */ = {isa = PBXBuildFile; fileRef = 78095849244C69D5002A1277 /* BarButtonItem+Image&TextButton.swift */; };
		78535D082449B59200C165F0 /* APIMgr.swift in Sources */ = {isa = PBXBuildFile; fileRef = 78535D072449B59200C165F0 /* APIMgr.swift */; };
		78535D0A244AEFEC00C165F0 /* AccountViewController.swift in Sources */ = {isa = PBXBuildFile; fileRef = 78535D09244AEFEC00C165F0 /* AccountViewController.swift */; };
		78535D0C244AF8F000C165F0 /* TextField+BottomBorder.swift in Sources */ = {isa = PBXBuildFile; fileRef = 78535D0B244AF8F000C165F0 /* TextField+BottomBorder.swift */; };
		7862BE1B244301F700EF4D4E /* AppDelegate.swift in Sources */ = {isa = PBXBuildFile; fileRef = 7862BE1A244301F700EF4D4E /* AppDelegate.swift */; };
		7862BE1D244301F700EF4D4E /* SceneDelegate.swift in Sources */ = {isa = PBXBuildFile; fileRef = 7862BE1C244301F700EF4D4E /* SceneDelegate.swift */; };
		7862BE22244301F700EF4D4E /* Main.storyboard in Resources */ = {isa = PBXBuildFile; fileRef = 7862BE20244301F700EF4D4E /* Main.storyboard */; };
		7862BE24244301F800EF4D4E /* Assets.xcassets in Resources */ = {isa = PBXBuildFile; fileRef = 7862BE23244301F800EF4D4E /* Assets.xcassets */; };
		7862BE27244301F800EF4D4E /* LaunchScreen.storyboard in Resources */ = {isa = PBXBuildFile; fileRef = 7862BE25244301F800EF4D4E /* LaunchScreen.storyboard */; };
		7862BE302443033400EF4D4E /* NewsListViewController.swift in Sources */ = {isa = PBXBuildFile; fileRef = 7862BE2F2443033400EF4D4E /* NewsListViewController.swift */; };
		7862BE322443038A00EF4D4E /* NewsCell.swift in Sources */ = {isa = PBXBuildFile; fileRef = 7862BE312443038A00EF4D4E /* NewsCell.swift */; };
		7862BE35244311F000EF4D4E /* DataModel.swift in Sources */ = {isa = PBXBuildFile; fileRef = 7862BE34244311F000EF4D4E /* DataModel.swift */; };
/* End PBXBuildFile section */

/* Begin PBXFileReference section */
		78095845244C4AD0002A1277 /* DetailViewController.swift */ = {isa = PBXFileReference; lastKnownFileType = sourcecode.swift; path = DetailViewController.swift; sourceTree = "<group>"; };
		78095849244C69D5002A1277 /* BarButtonItem+Image&TextButton.swift */ = {isa = PBXFileReference; lastKnownFileType = sourcecode.swift; path = "BarButtonItem+Image&TextButton.swift"; sourceTree = "<group>"; };
		78535D072449B59200C165F0 /* APIMgr.swift */ = {isa = PBXFileReference; lastKnownFileType = sourcecode.swift; path = APIMgr.swift; sourceTree = "<group>"; };
		78535D09244AEFEC00C165F0 /* AccountViewController.swift */ = {isa = PBXFileReference; lastKnownFileType = sourcecode.swift; path = AccountViewController.swift; sourceTree = "<group>"; };
		78535D0B244AF8F000C165F0 /* TextField+BottomBorder.swift */ = {isa = PBXFileReference; lastKnownFileType = sourcecode.swift; path = "TextField+BottomBorder.swift"; sourceTree = "<group>"; };
		7862BE17244301F700EF4D4E /* Hackernews.app */ = {isa = PBXFileReference; explicitFileType = wrapper.application; includeInIndex = 0; path = Hackernews.app; sourceTree = BUILT_PRODUCTS_DIR; };
		7862BE1A244301F700EF4D4E /* AppDelegate.swift */ = {isa = PBXFileReference; lastKnownFileType = sourcecode.swift; path = AppDelegate.swift; sourceTree = "<group>"; };
		7862BE1C244301F700EF4D4E /* SceneDelegate.swift */ = {isa = PBXFileReference; lastKnownFileType = sourcecode.swift; path = SceneDelegate.swift; sourceTree = "<group>"; };
		7862BE21244301F700EF4D4E /* Base */ = {isa = PBXFileReference; lastKnownFileType = file.storyboard; name = Base; path = Base.lproj/Main.storyboard; sourceTree = "<group>"; };
		7862BE23244301F800EF4D4E /* Assets.xcassets */ = {isa = PBXFileReference; lastKnownFileType = folder.assetcatalog; path = Assets.xcassets; sourceTree = "<group>"; };
		7862BE26244301F800EF4D4E /* Base */ = {isa = PBXFileReference; lastKnownFileType = file.storyboard; name = Base; path = Base.lproj/LaunchScreen.storyboard; sourceTree = "<group>"; };
		7862BE28244301F800EF4D4E /* Info.plist */ = {isa = PBXFileReference; lastKnownFileType = text.plist.xml; path = Info.plist; sourceTree = "<group>"; };
		7862BE2F2443033400EF4D4E /* NewsListViewController.swift */ = {isa = PBXFileReference; lastKnownFileType = sourcecode.swift; path = NewsListViewController.swift; sourceTree = "<group>"; };
		7862BE312443038A00EF4D4E /* NewsCell.swift */ = {isa = PBXFileReference; lastKnownFileType = sourcecode.swift; path = NewsCell.swift; sourceTree = "<group>"; };
		7862BE34244311F000EF4D4E /* DataModel.swift */ = {isa = PBXFileReference; lastKnownFileType = sourcecode.swift; path = DataModel.swift; sourceTree = "<group>"; };
/* End PBXFileReference section */

/* Begin PBXFrameworksBuildPhase section */
		7862BE14244301F700EF4D4E /* Frameworks */ = {
			isa = PBXFrameworksBuildPhase;
			buildActionMask = 2147483647;
			files = (
			);
			runOnlyForDeploymentPostprocessing = 0;
		};
/* End PBXFrameworksBuildPhase section */

/* Begin PBXGroup section */
		78535D0D244B0C1300C165F0 /* Views */ = {
			isa = PBXGroup;
			children = (
				7862BE2F2443033400EF4D4E /* NewsListViewController.swift */,
				7862BE312443038A00EF4D4E /* NewsCell.swift */,
				78535D09244AEFEC00C165F0 /* AccountViewController.swift */,
				78095845244C4AD0002A1277 /* DetailViewController.swift */,
			);
			path = Views;
			sourceTree = "<group>";
		};
		7862BE0E244301F700EF4D4E = {
			isa = PBXGroup;
			children = (
				7862BE19244301F700EF4D4E /* Hackernews */,
				7862BE18244301F700EF4D4E /* Products */,
			);
			sourceTree = "<group>";
		};
		7862BE18244301F700EF4D4E /* Products */ = {
			isa = PBXGroup;
			children = (
				7862BE17244301F700EF4D4E /* Hackernews.app */,
			);
			name = Products;
			sourceTree = "<group>";
		};
		7862BE19244301F700EF4D4E /* Hackernews */ = {
			isa = PBXGroup;
			children = (
				78535D0D244B0C1300C165F0 /* Views */,
				7862BE33244311E400EF4D4E /* Datas */,
				7862BE2E244302DE00EF4D4E /* SupporingFiles */,
				7862BE20244301F700EF4D4E /* Main.storyboard */,
				7862BE25244301F800EF4D4E /* LaunchScreen.storyboard */,
				7862BE28244301F800EF4D4E /* Info.plist */,
			);
			path = Hackernews;
			sourceTree = "<group>";
		};
		7862BE2E244302DE00EF4D4E /* SupporingFiles */ = {
			isa = PBXGroup;
			children = (
				78535D0B244AF8F000C165F0 /* TextField+BottomBorder.swift */,
				7862BE1A244301F700EF4D4E /* AppDelegate.swift */,
				7862BE1C244301F700EF4D4E /* SceneDelegate.swift */,
				7862BE23244301F800EF4D4E /* Assets.xcassets */,
				78095849244C69D5002A1277 /* BarButtonItem+Image&TextButton.swift */,
			);
			path = SupporingFiles;
			sourceTree = "<group>";
		};
		7862BE33244311E400EF4D4E /* Datas */ = {
			isa = PBXGroup;
			children = (
				7862BE34244311F000EF4D4E /* DataModel.swift */,
				78535D072449B59200C165F0 /* APIMgr.swift */,
			);
			path = Datas;
			sourceTree = "<group>";
		};
/* End PBXGroup section */

/* Begin PBXNativeTarget section */
		7862BE16244301F700EF4D4E /* Hackernews */ = {
			isa = PBXNativeTarget;
			buildConfigurationList = 7862BE2B244301F800EF4D4E /* Build configuration list for PBXNativeTarget "Hackernews" */;
			buildPhases = (
				7862BE13244301F700EF4D4E /* Sources */,
				7862BE14244301F700EF4D4E /* Frameworks */,
				7862BE15244301F700EF4D4E /* Resources */,
			);
			buildRules = (
			);
			dependencies = (
			);
			name = Hackernews;
			productName = Hackernews;
			productReference = 7862BE17244301F700EF4D4E /* Hackernews.app */;
			productType = "com.apple.product-type.application";
		};
/* End PBXNativeTarget section */

/* Begin PBXProject section */
		7862BE0F244301F700EF4D4E /* Project object */ = {
			isa = PBXProject;
			attributes = {
				LastSwiftUpdateCheck = 1140;
				LastUpgradeCheck = 1140;
				ORGANIZATIONNAME = EZDev;
				TargetAttributes = {
					7862BE16244301F700EF4D4E = {
						CreatedOnToolsVersion = 11.4;
					};
				};
			};
			buildConfigurationList = 7862BE12244301F700EF4D4E /* Build configuration list for PBXProject "Hackernews" */;
			compatibilityVersion = "Xcode 9.3";
			developmentRegion = en;
			hasScannedForEncodings = 0;
			knownRegions = (
				en,
				Base,
			);
			mainGroup = 7862BE0E244301F700EF4D4E;
			productRefGroup = 7862BE18244301F700EF4D4E /* Products */;
			projectDirPath = "";
			projectRoot = "";
			targets = (
				7862BE16244301F700EF4D4E /* Hackernews */,
			);
		};
/* End PBXProject section */

/* Begin PBXResourcesBuildPhase section */
		7862BE15244301F700EF4D4E /* Resources */ = {
			isa = PBXResourcesBuildPhase;
			buildActionMask = 2147483647;
			files = (
				7862BE27244301F800EF4D4E /* LaunchScreen.storyboard in Resources */,
				7862BE24244301F800EF4D4E /* Assets.xcassets in Resources */,
				7862BE22244301F700EF4D4E /* Main.storyboard in Resources */,
			);
			runOnlyForDeploymentPostprocessing = 0;
		};
/* End PBXResourcesBuildPhase section */

/* Begin PBXSourcesBuildPhase section */
		7862BE13244301F700EF4D4E /* Sources */ = {
			isa = PBXSourcesBuildPhase;
			buildActionMask = 2147483647;
			files = (
				7862BE35244311F000EF4D4E /* DataModel.swift in Sources */,
				78095846244C4AD0002A1277 /* DetailViewController.swift in Sources */,
				7862BE302443033400EF4D4E /* NewsListViewController.swift in Sources */,
				78535D0A244AEFEC00C165F0 /* AccountViewController.swift in Sources */,
				7809584A244C69D5002A1277 /* BarButtonItem+Image&TextButton.swift in Sources */,
				7862BE1B244301F700EF4D4E /* AppDelegate.swift in Sources */,
				7862BE322443038A00EF4D4E /* NewsCell.swift in Sources */,
				78535D082449B59200C165F0 /* APIMgr.swift in Sources */,
				78535D0C244AF8F000C165F0 /* TextField+BottomBorder.swift in Sources */,
				7862BE1D244301F700EF4D4E /* SceneDelegate.swift in Sources */,
			);
			runOnlyForDeploymentPostprocessing = 0;
		};
/* End PBXSourcesBuildPhase section */

/* Begin PBXVariantGroup section */
		7862BE20244301F700EF4D4E /* Main.storyboard */ = {
			isa = PBXVariantGroup;
			children = (
				7862BE21244301F700EF4D4E /* Base */,
			);
			name = Main.storyboard;
			sourceTree = "<group>";
		};
		7862BE25244301F800EF4D4E /* LaunchScreen.storyboard */ = {
			isa = PBXVariantGroup;
			children = (
				7862BE26244301F800EF4D4E /* Base */,
			);
			name = LaunchScreen.storyboard;
			sourceTree = "<group>";
		};
/* End PBXVariantGroup section */

/* Begin XCBuildConfiguration section */
		7862BE29244301F800EF4D4E /* Debug */ = {
			isa = XCBuildConfiguration;
			buildSettings = {
				ALWAYS_SEARCH_USER_PATHS = NO;
				CLANG_ANALYZER_NONNULL = YES;
				CLANG_ANALYZER_NUMBER_OBJECT_CONVERSION = YES_AGGRESSIVE;
				CLANG_CXX_LANGUAGE_STANDARD = "gnu++14";
				CLANG_CXX_LIBRARY = "libc++";
				CLANG_ENABLE_MODULES = YES;
				CLANG_ENABLE_OBJC_ARC = YES;
				CLANG_ENABLE_OBJC_WEAK = YES;
				CLANG_WARN_BLOCK_CAPTURE_AUTORELEASING = YES;
				CLANG_WARN_BOOL_CONVERSION = YES;
				CLANG_WARN_COMMA = YES;
				CLANG_WARN_CONSTANT_CONVERSION = YES;
				CLANG_WARN_DEPRECATED_OBJC_IMPLEMENTATIONS = YES;
				CLANG_WARN_DIRECT_OBJC_ISA_USAGE = YES_ERROR;
				CLANG_WARN_DOCUMENTATION_COMMENTS = YES;
				CLANG_WARN_EMPTY_BODY = YES;
				CLANG_WARN_ENUM_CONVERSION = YES;
				CLANG_WARN_INFINITE_RECURSION = YES;
				CLANG_WARN_INT_CONVERSION = YES;
				CLANG_WARN_NON_LITERAL_NULL_CONVERSION = YES;
				CLANG_WARN_OBJC_IMPLICIT_RETAIN_SELF = YES;
				CLANG_WARN_OBJC_LITERAL_CONVERSION = YES;
				CLANG_WARN_OBJC_ROOT_CLASS = YES_ERROR;
				CLANG_WARN_RANGE_LOOP_ANALYSIS = YES;
				CLANG_WARN_STRICT_PROTOTYPES = YES;
				CLANG_WARN_SUSPICIOUS_MOVE = YES;
				CLANG_WARN_UNGUARDED_AVAILABILITY = YES_AGGRESSIVE;
				CLANG_WARN_UNREACHABLE_CODE = YES;
				CLANG_WARN__DUPLICATE_METHOD_MATCH = YES;
				COPY_PHASE_STRIP = NO;
				DEBUG_INFORMATION_FORMAT = dwarf;
				ENABLE_STRICT_OBJC_MSGSEND = YES;
				ENABLE_TESTABILITY = YES;
				GCC_C_LANGUAGE_STANDARD = gnu11;
				GCC_DYNAMIC_NO_PIC = NO;
				GCC_NO_COMMON_BLOCKS = YES;
				GCC_OPTIMIZATION_LEVEL = 0;
				GCC_PREPROCESSOR_DEFINITIONS = (
					"DEBUG=1",
					"$(inherited)",
				);
				GCC_WARN_64_TO_32_BIT_CONVERSION = YES;
				GCC_WARN_ABOUT_RETURN_TYPE = YES_ERROR;
				GCC_WARN_UNDECLARED_SELECTOR = YES;
				GCC_WARN_UNINITIALIZED_AUTOS = YES_AGGRESSIVE;
				GCC_WARN_UNUSED_FUNCTION = YES;
				GCC_WARN_UNUSED_VARIABLE = YES;
				IPHONEOS_DEPLOYMENT_TARGET = 13.4;
				MTL_ENABLE_DEBUG_INFO = INCLUDE_SOURCE;
				MTL_FAST_MATH = YES;
				ONLY_ACTIVE_ARCH = YES;
				SDKROOT = iphoneos;
				SWIFT_ACTIVE_COMPILATION_CONDITIONS = DEBUG;
				SWIFT_OPTIMIZATION_LEVEL = "-Onone";
			};
			name = Debug;
		};
		7862BE2A244301F800EF4D4E /* Release */ = {
			isa = XCBuildConfiguration;
			buildSettings = {
				ALWAYS_SEARCH_USER_PATHS = NO;
				CLANG_ANALYZER_NONNULL = YES;
				CLANG_ANALYZER_NUMBER_OBJECT_CONVERSION = YES_AGGRESSIVE;
				CLANG_CXX_LANGUAGE_STANDARD = "gnu++14";
				CLANG_CXX_LIBRARY = "libc++";
				CLANG_ENABLE_MODULES = YES;
				CLANG_ENABLE_OBJC_ARC = YES;
				CLANG_ENABLE_OBJC_WEAK = YES;
				CLANG_WARN_BLOCK_CAPTURE_AUTORELEASING = YES;
				CLANG_WARN_BOOL_CONVERSION = YES;
				CLANG_WARN_COMMA = YES;
				CLANG_WARN_CONSTANT_CONVERSION = YES;
				CLANG_WARN_DEPRECATED_OBJC_IMPLEMENTATIONS = YES;
				CLANG_WARN_DIRECT_OBJC_ISA_USAGE = YES_ERROR;
				CLANG_WARN_DOCUMENTATION_COMMENTS = YES;
				CLANG_WARN_EMPTY_BODY = YES;
				CLANG_WARN_ENUM_CONVERSION = YES;
				CLANG_WARN_INFINITE_RECURSION = YES;
				CLANG_WARN_INT_CONVERSION = YES;
				CLANG_WARN_NON_LITERAL_NULL_CONVERSION = YES;
				CLANG_WARN_OBJC_IMPLICIT_RETAIN_SELF = YES;
				CLANG_WARN_OBJC_LITERAL_CONVERSION = YES;
				CLANG_WARN_OBJC_ROOT_CLASS = YES_ERROR;
				CLANG_WARN_RANGE_LOOP_ANALYSIS = YES;
				CLANG_WARN_STRICT_PROTOTYPES = YES;
				CLANG_WARN_SUSPICIOUS_MOVE = YES;
				CLANG_WARN_UNGUARDED_AVAILABILITY = YES_AGGRESSIVE;
				CLANG_WARN_UNREACHABLE_CODE = YES;
				CLANG_WARN__DUPLICATE_METHOD_MATCH = YES;
				COPY_PHASE_STRIP = NO;
				DEBUG_INFORMATION_FORMAT = "dwarf-with-dsym";
				ENABLE_NS_ASSERTIONS = NO;
				ENABLE_STRICT_OBJC_MSGSEND = YES;
				GCC_C_LANGUAGE_STANDARD = gnu11;
				GCC_NO_COMMON_BLOCKS = YES;
				GCC_WARN_64_TO_32_BIT_CONVERSION = YES;
				GCC_WARN_ABOUT_RETURN_TYPE = YES_ERROR;
				GCC_WARN_UNDECLARED_SELECTOR = YES;
				GCC_WARN_UNINITIALIZED_AUTOS = YES_AGGRESSIVE;
				GCC_WARN_UNUSED_FUNCTION = YES;
				GCC_WARN_UNUSED_VARIABLE = YES;
				IPHONEOS_DEPLOYMENT_TARGET = 13.4;
				MTL_ENABLE_DEBUG_INFO = NO;
				MTL_FAST_MATH = YES;
				SDKROOT = iphoneos;
				SWIFT_COMPILATION_MODE = wholemodule;
				SWIFT_OPTIMIZATION_LEVEL = "-O";
				VALIDATE_PRODUCT = YES;
			};
			name = Release;
		};
		7862BE2C244301F800EF4D4E /* Debug */ = {
			isa = XCBuildConfiguration;
			buildSettings = {
				ASSETCATALOG_COMPILER_APPICON_NAME = AppIcon;
				CODE_SIGN_STYLE = Automatic;
				DEVELOPMENT_TEAM = 23R3V9LM6E;
				INFOPLIST_FILE = Hackernews/Info.plist;
				IPHONEOS_DEPLOYMENT_TARGET = 11.0;
				LD_RUNPATH_SEARCH_PATHS = (
					"$(inherited)",
					"@executable_path/Frameworks",
				);
				PRODUCT_BUNDLE_IDENTIFIER = com.ezdev.Hackernews;
				PRODUCT_NAME = "$(TARGET_NAME)";
				SWIFT_VERSION = 5.0;
				TARGETED_DEVICE_FAMILY = 1;
			};
			name = Debug;
		};
		7862BE2D244301F800EF4D4E /* Release */ = {
			isa = XCBuildConfiguration;
			buildSettings = {
				ASSETCATALOG_COMPILER_APPICON_NAME = AppIcon;
				CODE_SIGN_STYLE = Automatic;
				DEVELOPMENT_TEAM = 23R3V9LM6E;
				INFOPLIST_FILE = Hackernews/Info.plist;
				IPHONEOS_DEPLOYMENT_TARGET = 11.0;
				LD_RUNPATH_SEARCH_PATHS = (
					"$(inherited)",
					"@executable_path/Frameworks",
				);
				PRODUCT_BUNDLE_IDENTIFIER = com.ezdev.Hackernews;
				PRODUCT_NAME = "$(TARGET_NAME)";
				SWIFT_VERSION = 5.0;
				TARGETED_DEVICE_FAMILY = 1;
			};
			name = Release;
		};
/* End XCBuildConfiguration section */

/* Begin XCConfigurationList section */
		7862BE12244301F700EF4D4E /* Build configuration list for PBXProject "Hackernews" */ = {
			isa = XCConfigurationList;
			buildConfigurations = (
				7862BE29244301F800EF4D4E /* Debug */,
				7862BE2A244301F800EF4D4E /* Release */,
			);
			defaultConfigurationIsVisible = 0;
			defaultConfigurationName = Release;
		};
		7862BE2B244301F800EF4D4E /* Build configuration list for PBXNativeTarget "Hackernews" */ = {
			isa = XCConfigurationList;
			buildConfigurations = (
				7862BE2C244301F800EF4D4E /* Debug */,
				7862BE2D244301F800EF4D4E /* Release */,
			);
			defaultConfigurationIsVisible = 0;
			defaultConfigurationName = Release;
		};
/* End XCConfigurationList section */
	};
	rootObject = 7862BE0F244301F700EF4D4E /* Project object */;
}
